<?xml version="1.0" encoding="utf-8"?>
<Project ToolsVersion="4.0" xmlns="http://schemas.microsoft.com/developer/msbuild/2003">
  <ItemGroup>
    <Filter Include="Source Files">
      <UniqueIdentifier>{4FC737F1-C7A5-4376-A066-2A32D752A2FF}</UniqueIdentifier>
      <Extensions>cpp;c;cc;cxx;def;odl;idl;hpj;bat;asm;asmx</Extensions>
    </Filter>
    <Filter Include="Header Files">
      <UniqueIdentifier>{93995380-89BD-4b04-88EB-625FBE52EBFB}</UniqueIdentifier>
      <Extensions>h;hh;hpp;hxx;hm;inl;inc;xsd</Extensions>
    </Filter>
    <Filter Include="Resource Files">
      <UniqueIdentifier>{67DA6AB6-F800-4c08-8B7A-83BB121AAD01}</UniqueIdentifier>
      <Extensions>rc;ico;cur;bmp;dlg;rc2;rct;bin;rgs;gif;jpg;jpeg;jpe;resx;tiff;tif;png;wav;mfcribbon-ms</Extensions>
    </Filter>
    <Filter Include="Misc">
      <UniqueIdentifier>{03093020-d2a8-4e42-af4a-923b8c5696d8}</UniqueIdentifier>
    </Filter>
    <Filter Include="Shaders">
      <UniqueIdentifier>{0838475c-a8a9-4066-9ad5-5ac60d628880}</UniqueIdentifier>
    </Filter>
    <Filter Include="Source Files\GameLogic">
      <UniqueIdentifier>{1fcf7fd3-8710-4bb0-b841-121ede73eab4}</UniqueIdentifier>
    </Filter>
    <Filter Include="Header Files\GameLogic">
      <UniqueIdentifier>{4901d0d5-2002-4cd6-bd3a-d1dba2f9b174}</UniqueIdentifier>
    </Filter>
    <Filter Include="Header Files\Misc">
      <UniqueIdentifier>{14f6551d-2e57-4a79-8a9c-bed69183b079}</UniqueIdentifier>
    </Filter>
    <Filter Include="Header Files\Graphics">
      <UniqueIdentifier>{912753be-ea7a-42de-9901-d0749a31d1b4}</UniqueIdentifier>
    </Filter>
    <Filter Include="Source Files\Graphics">
      <UniqueIdentifier>{3b1523e7-3c5d-4b6f-975d-74de69bc5c8a}</UniqueIdentifier>
    </Filter>
  </ItemGroup>
  <ItemGroup>
    <ClCompile Include="main.cpp">
      <Filter>Source Files</Filter>
    </ClCompile>
    <ClCompile Include="dxerr.cpp">
      <Filter>Misc</Filter>
    </ClCompile>
    <ClCompile Include="Helpers.cpp">
      <Filter>Misc</Filter>
    </ClCompile>
    <ClCompile Include="Gamepad.cpp">
      <Filter>Source Files</Filter>
    </ClCompile>
    <ClCompile Include="Entity.cpp">
      <Filter>Source Files\GameLogic</Filter>
    </ClCompile>
    <ClCompile Include="Player.cpp">
      <Filter>Source Files\GameLogic</Filter>
    </ClCompile>
    <ClCompile Include="Spell.cpp">
      <Filter>Source Files\GameLogic</Filter>
    </ClCompile>
    <ClCompile Include="Map.cpp">
      <Filter>Source Files\GameLogic</Filter>
    </ClCompile>
    <ClCompile Include="Renderer.cpp">
      <Filter>Source Files\Graphics</Filter>
    </ClCompile>
    <ClCompile Include="Camera.cpp">
      <Filter>Source Files\Graphics</Filter>
    </ClCompile>
    <ClCompile Include="Game.cpp">
      <Filter>Source Files\GameLogic</Filter>
    </ClCompile>
  </ItemGroup>
  <ItemGroup>
    <ClInclude Include="dxerr.h">
      <Filter>Misc</Filter>
    </ClInclude>
    <ClInclude Include="Helpers.h">
      <Filter>Misc</Filter>
    </ClInclude>
    <ClInclude Include="Gamepad.h">
      <Filter>Header Files</Filter>
    </ClInclude>
    <ClInclude Include="Entity.h">
      <Filter>Header Files\GameLogic</Filter>
    </ClInclude>
    <ClInclude Include="Map.h">
      <Filter>Header Files\GameLogic</Filter>
    </ClInclude>
    <ClInclude Include="Player.h">
      <Filter>Header Files\GameLogic</Filter>
    </ClInclude>
    <ClInclude Include="Spell.h">
      <Filter>Header Files\GameLogic</Filter>
    </ClInclude>
    <ClInclude Include="Renderer.h">
      <Filter>Header Files\Graphics</Filter>
    </ClInclude>
    <ClInclude Include="Camera.h">
      <Filter>Header Files\Graphics</Filter>
    </ClInclude>
    <ClInclude Include="Definitions.h">
      <Filter>Header Files\Misc</Filter>
    </ClInclude>
    <ClInclude Include="Globals.h">
      <Filter>Header Files\Misc</Filter>
    </ClInclude>
    <ClInclude Include="Game.h">
      <Filter>Header Files\GameLogic</Filter>
    </ClInclude>
  </ItemGroup>
  <ItemGroup>
    <FxCompile Include="Simple.hlsl">
      <Filter>Shaders</Filter>
    </FxCompile>
    <FxCompile Include="Debug.hlsl">
      <Filter>Shaders</Filter>
    </FxCompile>
  </ItemGroup>
</Project>