<?xml version="1.0" encoding="utf-8"?>
<Project ToolsVersion="4.0" xmlns="http://schemas.microsoft.com/developer/msbuild/2003">
  <ItemGroup>
    <Filter Include="Source Files">
      <UniqueIdentifier>{4FC737F1-C7A5-4376-A066-2A32D752A2FF}</UniqueIdentifier>
      <Extensions>cpp;c;cc;cxx;def;odl;idl;hpj;bat;asm;asmx</Extensions>
    </Filter>
    <Filter Include="Header Files">
      <UniqueIdentifier>{93995380-89BD-4b04-88EB-625FBE52EBFB}</UniqueIdentifier>
      <Extensions>h;hh;hpp;hxx;hm;inl;inc;xsd</Extensions>
    </Filter>
    <Filter Include="Resource Files">
      <UniqueIdentifier>{67DA6AB6-F800-4c08-8B7A-83BB121AAD01}</UniqueIdentifier>
      <Extensions>rc;ico;cur;bmp;dlg;rc2;rct;bin;rgs;gif;jpg;jpeg;jpe;resx;tiff;tif;png;wav;mfcribbon-ms</Extensions>
    </Filter>
    <Filter Include="Misc">
      <UniqueIdentifier>{03093020-d2a8-4e42-af4a-923b8c5696d8}</UniqueIdentifier>
    </Filter>
    <Filter Include="Shaders">
      <UniqueIdentifier>{0838475c-a8a9-4066-9ad5-5ac60d628880}</UniqueIdentifier>
    </Filter>
    <Filter Include="Source Files\GameLogic">
      <UniqueIdentifier>{1fcf7fd3-8710-4bb0-b841-121ede73eab4}</UniqueIdentifier>
    </Filter>
    <Filter Include="Header Files\GameLogic">
      <UniqueIdentifier>{4901d0d5-2002-4cd6-bd3a-d1dba2f9b174}</UniqueIdentifier>
    </Filter>
    <Filter Include="Header Files\Misc">
      <UniqueIdentifier>{14f6551d-2e57-4a79-8a9c-bed69183b079}</UniqueIdentifier>
    </Filter>
    <Filter Include="Shaders\Paricles">
      <UniqueIdentifier>{f9f3c619-655f-4d28-86b4-c2557aa7cfc1}</UniqueIdentifier>
    </Filter>
    <Filter Include="Header Files\Graphics">
      <UniqueIdentifier>{912753be-ea7a-42de-9901-d0749a31d1b4}</UniqueIdentifier>
    </Filter>
    <Filter Include="Source Files\Graphics">
      <UniqueIdentifier>{3b1523e7-3c5d-4b6f-975d-74de69bc5c8a}</UniqueIdentifier>
    </Filter>
    <Filter Include="Header Files\Imgui">
      <UniqueIdentifier>{281f6db7-ce16-4a4b-9cf2-6fab15d81c1f}</UniqueIdentifier>
    </Filter>
    <Filter Include="Header Files\libs">
      <UniqueIdentifier>{b5f32765-4d4b-4b04-a5e0-cffb695da7eb}</UniqueIdentifier>
    </Filter>
    <Filter Include="Header Files\GameLogic\spells">
      <UniqueIdentifier>{739b0cdb-0361-4bf6-8178-8772a0339f8b}</UniqueIdentifier>
    </Filter>
    <Filter Include="Header Files\other">
      <UniqueIdentifier>{97e72e1a-f82d-472b-b677-0aad3182ba65}</UniqueIdentifier>
    </Filter>
    <Filter Include="Shaders\gui">
      <UniqueIdentifier>{1fa58026-9792-4776-93f4-efb7db441eb9}</UniqueIdentifier>
    </Filter>
    <Filter Include="Source Files\imgui">
      <UniqueIdentifier>{74bc0b59-b620-474f-bced-c50dfe7f9dc7}</UniqueIdentifier>
    </Filter>
    <Filter Include="Source Files\other">
      <UniqueIdentifier>{3af7f7be-5362-4612-b188-2cf968640854}</UniqueIdentifier>
    </Filter>
    <Filter Include="Source Files\GameLogic\spell">
      <UniqueIdentifier>{be82b1dd-2cdd-429c-b031-758bf783e27b}</UniqueIdentifier>
    </Filter>
  </ItemGroup>
  <ItemGroup>
    <ClCompile Include="main.cpp">
      <Filter>Source Files</Filter>
    </ClCompile>
    <ClCompile Include="dxerr.cpp">
      <Filter>Misc</Filter>
    </ClCompile>
    <ClCompile Include="Helpers.cpp">
      <Filter>Misc</Filter>
    </ClCompile>
    <ClCompile Include="Entity.cpp">
      <Filter>Source Files\GameLogic</Filter>
    </ClCompile>
    <ClCompile Include="Player.cpp">
      <Filter>Source Files\GameLogic</Filter>
    </ClCompile>
    <ClCompile Include="Map.cpp">
      <Filter>Source Files\GameLogic</Filter>
    </ClCompile>
    <ClCompile Include="Renderer.cpp">
      <Filter>Source Files\Graphics</Filter>
    </ClCompile>
    <ClCompile Include="Camera.cpp">
      <Filter>Source Files\Graphics</Filter>
    </ClCompile>
    <ClCompile Include="Game.cpp">
      <Filter>Source Files\GameLogic</Filter>
    </ClCompile>
    <ClCompile Include="Mesh.cpp">
      <Filter>Source Files\Graphics</Filter>
    </ClCompile>
    <ClCompile Include="imgui_demo.cpp">
      <Filter>Source Files\imgui</Filter>
    </ClCompile>
    <ClCompile Include="imgui_draw.cpp">
      <Filter>Source Files\imgui</Filter>
    </ClCompile>
    <ClCompile Include="imgui_impl_dx11.cpp">
      <Filter>Source Files\imgui</Filter>
    </ClCompile>
    <ClCompile Include="imgui.cpp">
      <Filter>Source Files\imgui</Filter>
    </ClCompile>
    <ClCompile Include="Gamepad.cpp">
      <Filter>Source Files\other</Filter>
    </ClCompile>
    <ClCompile Include="Menu.cpp">
      <Filter>Source Files\other</Filter>
    </ClCompile>
    <ClCompile Include="SoundSystem.cpp">
      <Filter>Source Files\other</Filter>
    </ClCompile>
    <ClCompile Include="Constants.cpp">
      <Filter>Source Files\GameLogic\spell</Filter>
    </ClCompile>
    <ClCompile Include="Element.cpp">
      <Filter>Source Files\GameLogic\spell</Filter>
    </ClCompile>
    <ClCompile Include="Upgrades.cpp">
      <Filter>Source Files\GameLogic\spell</Filter>
    </ClCompile>
    <ClCompile Include="Spell.cpp">
      <Filter>Source Files\GameLogic\spell</Filter>
    </ClCompile>
    <ClCompile Include="ParticleSystem.cpp">
      <Filter>Source Files\Graphics</Filter>
    </ClCompile>
    <ClCompile Include="..\ParticleEditor\Particle.cpp">
      <Filter>Source Files\Graphics</Filter>
    </ClCompile>
    <ClCompile Include="SkinnedMesh.cpp">
      <Filter>Source Files\Graphics</Filter>
    </ClCompile>
    <ClCompile Include="MeshContainer.cpp">
      <Filter>Source Files</Filter>
    </ClCompile>
    <ClCompile Include="Animator.cpp">
      <Filter>Source Files\Graphics</Filter>
    </ClCompile>
    <ClCompile Include="Texture.cpp">
      <Filter>Source Files\Graphics</Filter>
    </ClCompile>
  </ItemGroup>
  <ItemGroup>
    <ClInclude Include="dxerr.h">
      <Filter>Misc</Filter>
    </ClInclude>
    <ClInclude Include="Helpers.h">
      <Filter>Misc</Filter>
    </ClInclude>
    <ClInclude Include="Entity.h">
      <Filter>Header Files\GameLogic</Filter>
    </ClInclude>
    <ClInclude Include="Map.h">
      <Filter>Header Files\GameLogic</Filter>
    </ClInclude>
    <ClInclude Include="Player.h">
      <Filter>Header Files\GameLogic</Filter>
    </ClInclude>
    <ClInclude Include="Renderer.h">
      <Filter>Header Files\Graphics</Filter>
    </ClInclude>
    <ClInclude Include="Camera.h">
      <Filter>Header Files\Graphics</Filter>
    </ClInclude>
    <ClInclude Include="Definitions.h">
      <Filter>Header Files\Misc</Filter>
    </ClInclude>
    <ClInclude Include="Globals.h">
      <Filter>Header Files\Misc</Filter>
    </ClInclude>
    <ClInclude Include="Game.h">
      <Filter>Header Files\GameLogic</Filter>
    </ClInclude>
    <ClInclude Include="Mesh.h">
      <Filter>Header Files\Graphics</Filter>
    </ClInclude>
    <ClInclude Include="imconfig.h">
      <Filter>Header Files\Imgui</Filter>
    </ClInclude>
    <ClInclude Include="imgui.h">
      <Filter>Header Files\Imgui</Filter>
    </ClInclude>
    <ClInclude Include="imgui_impl_dx11.h">
      <Filter>Header Files\Imgui</Filter>
    </ClInclude>
    <ClInclude Include="imgui_internal.h">
      <Filter>Header Files\Imgui</Filter>
    </ClInclude>
    <ClInclude Include="DirectXTK.h">
      <Filter>Header Files\libs</Filter>
    </ClInclude>
    <ClInclude Include="resource.h">
      <Filter>Header Files\libs</Filter>
    </ClInclude>
    <ClInclude Include="stb_rect_pack.h">
      <Filter>Header Files\libs</Filter>
    </ClInclude>
    <ClInclude Include="stb_textedit.h">
      <Filter>Header Files\libs</Filter>
    </ClInclude>
    <ClInclude Include="stb_truetype.h">
      <Filter>Header Files\libs</Filter>
    </ClInclude>
    <ClInclude Include="Element.h">
      <Filter>Header Files\GameLogic\spells</Filter>
    </ClInclude>
    <ClInclude Include="Spell.h">
      <Filter>Header Files\GameLogic\spells</Filter>
    </ClInclude>
    <ClInclude Include="Upgrades.h">
      <Filter>Header Files\GameLogic\spells</Filter>
    </ClInclude>
    <ClInclude Include="Constants.h">
      <Filter>Header Files\GameLogic\spells</Filter>
    </ClInclude>
    <ClInclude Include="Gamepad.h">
      <Filter>Header Files\other</Filter>
    </ClInclude>
    <ClInclude Include="Menu.h">
      <Filter>Header Files\other</Filter>
    </ClInclude>
    <ClInclude Include="SoundSystem.h">
      <Filter>Header Files\other</Filter>
    </ClInclude>
    <ClInclude Include="ParticleSystem.h">
      <Filter>Header Files\Graphics</Filter>
    </ClInclude>
    <ClInclude Include="MeshContainer.h">
      <Filter>Header Files\Misc</Filter>
    </ClInclude>
    <ClInclude Include="SkinnedMesh.h">
      <Filter>Header Files\Graphics</Filter>
    </ClInclude>
    <ClInclude Include="Animator.h">
      <Filter>Header Files\Graphics</Filter>
    </ClInclude>
    <ClInclude Include="Texture.h">
      <Filter>Header Files\Graphics</Filter>
    </ClInclude>
  </ItemGroup>
  <ItemGroup>
    <FxCompile Include="Simple.hlsl">
      <Filter>Shaders</Filter>
    </FxCompile>
    <FxCompile Include="Debug.hlsl">
      <Filter>Shaders</Filter>
    </FxCompile>
    <FxCompile Include="ComputeShader.hlsl">
      <Filter>Shaders\Paricles</Filter>
    </FxCompile>
    <FxCompile Include="pVertex.hlsl">
      <Filter>Shaders\Paricles</Filter>
    </FxCompile>
    <FxCompile Include="pGeometry.hlsl">
      <Filter>Shaders\Paricles</Filter>
    </FxCompile>
    <FxCompile Include="pPixel.hlsl">
      <Filter>Shaders\Paricles</Filter>
    </FxCompile>
    <FxCompile Include="Inserter.hlsl">
      <Filter>Shaders\Paricles</Filter>
    </FxCompile>
    <FxCompile Include="StompInserter.hlsl">
      <Filter>Shaders\Paricles</Filter>
    </FxCompile>
    <FxCompile Include="HPPS.hlsl">
      <Filter>Shaders\gui</Filter>
    </FxCompile>
    <FxCompile Include="cpMenuPS.hlsl">
      <Filter>Shaders\gui</Filter>
    </FxCompile>
    <FxCompile Include="cpMenuVS.hlsl">
      <Filter>Shaders\gui</Filter>
    </FxCompile>
    <FxCompile Include="cooldownPS.hlsl">
      <Filter>Shaders\gui</Filter>
    </FxCompile>
    <FxCompile Include="cooldownVS.hlsl">
      <Filter>Shaders\gui</Filter>
    </FxCompile>
    <FxCompile Include="HPVS.hlsl">
      <Filter>Shaders\gui</Filter>
    </FxCompile>
    <FxCompile Include="CUVS.hlsl">
      <Filter>Shaders\gui</Filter>
    </FxCompile>
    <FxCompile Include="CUPS.hlsl">
      <Filter>Shaders\gui</Filter>
    </FxCompile>
    <FxCompile Include="Shadow.hlsl">
      <Filter>Shaders</Filter>
    </FxCompile>
    <FxCompile Include="Mesh.hlsl">
      <Filter>Shaders</Filter>
    </FxCompile>
    <FxCompile Include="MapPS.hlsl">
      <Filter>Shaders</Filter>
    </FxCompile>
    <FxCompile Include="MapVS.hlsl">
      <Filter>Shaders</Filter>
    </FxCompile>
    <FxCompile Include="lavaVS.hlsl">
      <Filter>Shaders</Filter>
    </FxCompile>
    <FxCompile Include="lavaPS.hlsl">
      <Filter>Shaders</Filter>
    </FxCompile>
    <FxCompile Include="GaussianPass.hlsl">
      <Filter>Shaders</Filter>
    </FxCompile>
  </ItemGroup>
  <ItemGroup>
    <ResourceCompile Include="Resource.rc">
      <Filter>Resource Files</Filter>
    </ResourceCompile>
  </ItemGroup>
  <ItemGroup>
    <Image Include="cat.png">
      <Filter>Resource Files</Filter>
    </Image>
    <Image Include="icon.ico">
      <Filter>Resource Files</Filter>
    </Image>
  </ItemGroup>
  <ItemGroup>
    <None Include="packages.config" />
    <None Include="Common.hlsl">
      <Filter>Shaders</Filter>
    </None>
    <None Include="GlowComposite.hlsl">
      <Filter>Shaders</Filter>
    </None>
    <None Include="Skinned.hlsl">
      <Filter>Shaders</Filter>
    </None>
  </ItemGroup>
</Project>